
Microsoft Visual Studio Solution File, Format Version 12.00
# Visual Studio Version 17
VisualStudioVersion = 17.5.33424.131
MinimumVisualStudioVersion = 10.0.40219.1
Project("{FAE04EC0-301F-11D3-BF4B-00C04F79EFBC}") = "HackathonApp", "HackathonApp\HackathonApp.csproj", "{20535A52-1F66-4852-A275-86C33F4C5DA6}"
EndProject
Global
	GlobalSection(SolutionConfigurationPlatforms) = preSolution
		Debug|Any CPU = Debug|Any CPU
		Release|Any CPU = Release|Any CPU
	EndGlobalSection
	GlobalSection(ProjectConfigurationPlatforms) = postSolution
		{20535A52-1F66-4852-A275-86C33F4C5DA6}.Debug|Any CPU.ActiveCfg = Debug|Any CPU
		{20535A52-1F66-4852-A275-86C33F4C5DA6}.Debug|Any CPU.Build.0 = Debug|Any CPU
		{20535A52-1F66-4852-A275-86C33F4C5DA6}.Release|Any CPU.ActiveCfg = Release|Any CPU
		{20535A52-1F66-4852-A275-86C33F4C5DA6}.Release|Any CPU.Build.0 = Release|Any CPU
	EndGlobalSection
	GlobalSection(SolutionProperties) = preSolution
		HideSolutionNode = FALSE
	EndGlobalSection
	GlobalSection(ExtensibilityGlobals) = postSolution
		SolutionGuid = {D03CF0F3-65D5-4EE4-80F7-C5C23F27DFD7}
	EndGlobalSection
EndGlobal
